
Microsoft Visual Studio Solution File, Format Version 12.00
# Visual Studio Version 17
VisualStudioVersion = 17.1.32210.238
MinimumVisualStudioVersion = 10.0.40219.1
Project("{FAE04EC0-301F-11D3-BF4B-00C04F79EFBC}") = "uc6", "uc6.csproj", "{0DB64A7D-86D3-485A-96D7-A445A6A81637}"
EndProject
Global
	GlobalSection(SolutionConfigurationPlatforms) = preSolution
		Debug|Any CPU = Debug|Any CPU
		Release|Any CPU = Release|Any CPU
	EndGlobalSection
	GlobalSection(ProjectConfigurationPlatforms) = postSolution
		{0DB64A7D-86D3-485A-96D7-A445A6A81637}.Debug|Any CPU.ActiveCfg = Debug|Any CPU
		{0DB64A7D-86D3-485A-96D7-A445A6A81637}.Debug|Any CPU.Build.0 = Debug|Any CPU
		{0DB64A7D-86D3-485A-96D7-A445A6A81637}.Release|Any CPU.ActiveCfg = Release|Any CPU
		{0DB64A7D-86D3-485A-96D7-A445A6A81637}.Release|Any CPU.Build.0 = Release|Any CPU
	EndGlobalSection
	GlobalSection(SolutionProperties) = preSolution
		HideSolutionNode = FALSE
	EndGlobalSection
	GlobalSection(ExtensibilityGlobals) = postSolution
		SolutionGuid = {5BC1BE3D-7A2D-4621-AE12-E64923E9150A}
	EndGlobalSection
EndGlobal
