
Microsoft Visual Studio Solution File, Format Version 12.00
# Visual Studio Version 17
VisualStudioVersion = 17.1.32210.238
MinimumVisualStudioVersion = 10.0.40219.1
Project("{FAE04EC0-301F-11D3-BF4B-00C04F79EFBC}") = "uc2", "uc2.csproj", "{7C58520C-EC4E-4204-9C94-A9CF1D343A00}"
EndProject
Global
	GlobalSection(SolutionConfigurationPlatforms) = preSolution
		Debug|Any CPU = Debug|Any CPU
		Release|Any CPU = Release|Any CPU
	EndGlobalSection
	GlobalSection(ProjectConfigurationPlatforms) = postSolution
		{7C58520C-EC4E-4204-9C94-A9CF1D343A00}.Debug|Any CPU.ActiveCfg = Debug|Any CPU
		{7C58520C-EC4E-4204-9C94-A9CF1D343A00}.Debug|Any CPU.Build.0 = Debug|Any CPU
		{7C58520C-EC4E-4204-9C94-A9CF1D343A00}.Release|Any CPU.ActiveCfg = Release|Any CPU
		{7C58520C-EC4E-4204-9C94-A9CF1D343A00}.Release|Any CPU.Build.0 = Release|Any CPU
	EndGlobalSection
	GlobalSection(SolutionProperties) = preSolution
		HideSolutionNode = FALSE
	EndGlobalSection
	GlobalSection(ExtensibilityGlobals) = postSolution
		SolutionGuid = {C192C68A-5DD7-4B72-A455-B8DB820525F6}
	EndGlobalSection
EndGlobal
